# This file was generated by Aiken
# You typically do not need to edit this file

[[requirements]]
name = "aiken-lang/stdlib"
version = "v2.0.0"
source = "github"

[[requirements]]
name = "cardano-miners/fortuna"
version = "main"
source = "github"

[[requirements]]
name = "aiken-lang/merkle-patricia-forestry"
version = "2.0.0"
source = "github"

[[packages]]
name = "aiken-lang/stdlib"
version = "v2.0.0"
requirements = []
source = "github"

[[packages]]
name = "cardano-miners/fortuna"
version = "main"
requirements = []
source = "github"

[[packages]]
name = "aiken-lang/merkle-patricia-forestry"
version = "2.0.0"
requirements = []
source = "github"

[etags]
"cardano-miners/fortuna@main" = [{ secs_since_epoch = 1727607054, nanos_since_epoch = 267057442 }, "db29f4bf58935f924be7869f24d4c015835f634d4d6e5f13f5e735fdd1e83d64"]
